{
  "version": 2,
  "dependencies": {
    "net8.0": {
      "Pingmint": {
        "type": "Direct",
        "requested": "[0.3.29, )",
        "resolved": "0.3.29",
        "contentHash": "T89jUp9gwhYT0WTq34fn46dcf7cL/DkHrzwLqw9MhM66kRHcnEBb5XEmW7OnJXAE5hP80TxZZpN/D1H3cDSIRA==",
        "dependencies": {
          "System.Memory.Data": "9.0.0"
        }
      },
      "System.IO.Pipelines": {
        "type": "Transitive",
        "resolved": "9.0.0",
        "contentHash": "eA3cinogwaNB4jdjQHOP3Z3EuyiDII7MT35jgtnsA4vkn0LUrrSHsU0nzHTzFzmaFYeKV7MYyMxOocFzsBHpTw=="
      },
      "System.Memory.Data": {
        "type": "Transitive",
        "resolved": "9.0.0",
        "contentHash": "CxUGXLXdbG7hxdQCRdxQKwq//OtYfxKsKyy6oYjSr9zpSvza5rW9TxokNasSLfmETRKDTfu1zqW8RQKokyKw/Q==",
        "dependencies": {
          "System.Text.Json": "9.0.0"
        }
      },
      "System.Text.Encodings.Web": {
        "type": "Transitive",
        "resolved": "9.0.0",
        "contentHash": "e2hMgAErLbKyUUwt18qSBf9T5Y+SFAL3ZedM8fLupkVj8Rj2PZ9oxQ37XX2LF8fTO1wNIxvKpihD7Of7D/NxZw=="
      },
      "System.Text.Json": {
        "type": "Transitive",
        "resolved": "9.0.0",
        "contentHash": "js7+qAu/9mQvnhA4EfGMZNEzXtJCDxgkgj8ohuxq/Qxv+R56G+ljefhiJHOxTNiw54q8vmABCWUwkMulNdlZ4A==",
        "dependencies": {
          "System.IO.Pipelines": "9.0.0",
          "System.Text.Encodings.Web": "9.0.0"
        }
      }
    },
    "net9.0": {
      "Pingmint": {
        "type": "Direct",
        "requested": "[0.3.29, )",
        "resolved": "0.3.29",
        "contentHash": "T89jUp9gwhYT0WTq34fn46dcf7cL/DkHrzwLqw9MhM66kRHcnEBb5XEmW7OnJXAE5hP80TxZZpN/D1H3cDSIRA==",
        "dependencies": {
          "System.Memory.Data": "9.0.0"
        }
      },
      "System.Memory.Data": {
        "type": "Transitive",
        "resolved": "9.0.0",
        "contentHash": "CxUGXLXdbG7hxdQCRdxQKwq//OtYfxKsKyy6oYjSr9zpSvza5rW9TxokNasSLfmETRKDTfu1zqW8RQKokyKw/Q=="
      }
    }
  }
}